
Microsoft Visual Studio Solution File, Format Version 12.00
# Visual Studio 14
VisualStudioVersion = 14.0.25420.1
MinimumVisualStudioVersion = 10.0.40219.1
Project("{FAE04EC0-301F-11D3-BF4B-00C04F79EFBC}") = "SaladForum", "SaladForum\SaladForum.csproj", "{268BAB9A-6260-4ED5-9CF8-26919A939C90}"
EndProject
Project("{FAE04EC0-301F-11D3-BF4B-00C04F79EFBC}") = "SaladForum.Tests", "SaladForum.Tests\SaladForum.Tests.csproj", "{E61B6850-2226-4FB5-9419-618D2E3D0031}"
EndProject
Global
	GlobalSection(SolutionConfigurationPlatforms) = preSolution
		Debug|Any CPU = Debug|Any CPU
		Release|Any CPU = Release|Any CPU
	EndGlobalSection
	GlobalSection(ProjectConfigurationPlatforms) = postSolution
		{268BAB9A-6260-4ED5-9CF8-26919A939C90}.Debug|Any CPU.ActiveCfg = Debug|Any CPU
		{268BAB9A-6260-4ED5-9CF8-26919A939C90}.Debug|Any CPU.Build.0 = Debug|Any CPU
		{268BAB9A-6260-4ED5-9CF8-26919A939C90}.Release|Any CPU.ActiveCfg = Release|Any CPU
		{268BAB9A-6260-4ED5-9CF8-26919A939C90}.Release|Any CPU.Build.0 = Release|Any CPU
		{E61B6850-2226-4FB5-9419-618D2E3D0031}.Debug|Any CPU.ActiveCfg = Debug|Any CPU
		{E61B6850-2226-4FB5-9419-618D2E3D0031}.Debug|Any CPU.Build.0 = Debug|Any CPU
		{E61B6850-2226-4FB5-9419-618D2E3D0031}.Release|Any CPU.ActiveCfg = Release|Any CPU
		{E61B6850-2226-4FB5-9419-618D2E3D0031}.Release|Any CPU.Build.0 = Release|Any CPU
	EndGlobalSection
	GlobalSection(SolutionProperties) = preSolution
		HideSolutionNode = FALSE
	EndGlobalSection
EndGlobal
